
Microsoft Visual Studio Solution File, Format Version 12.00
Project("{FAE04EC0-301F-11D3-BF4B-00C04F79EFBC}") = "DominosChain", "DominosChain\DominosChain.csproj", "{FD682205-B7CA-4DC7-9510-F08350D1092E}"
EndProject
Project("{FAE04EC0-301F-11D3-BF4B-00C04F79EFBC}") = "DominosChain.Tests", "DominosChain.Tests\DominosChain.Tests.csproj", "{9C45457C-25FC-411E-8556-7D81281352DB}"
EndProject
Global
	GlobalSection(SolutionConfigurationPlatforms) = preSolution
		Debug|Any CPU = Debug|Any CPU
		Release|Any CPU = Release|Any CPU
	EndGlobalSection
	GlobalSection(ProjectConfigurationPlatforms) = postSolution
		{FD682205-B7CA-4DC7-9510-F08350D1092E}.Debug|Any CPU.ActiveCfg = Debug|Any CPU
		{FD682205-B7CA-4DC7-9510-F08350D1092E}.Debug|Any CPU.Build.0 = Debug|Any CPU
		{FD682205-B7CA-4DC7-9510-F08350D1092E}.Release|Any CPU.ActiveCfg = Release|Any CPU
		{FD682205-B7CA-4DC7-9510-F08350D1092E}.Release|Any CPU.Build.0 = Release|Any CPU
		{9C45457C-25FC-411E-8556-7D81281352DB}.Debug|Any CPU.ActiveCfg = Debug|Any CPU
		{9C45457C-25FC-411E-8556-7D81281352DB}.Debug|Any CPU.Build.0 = Debug|Any CPU
		{9C45457C-25FC-411E-8556-7D81281352DB}.Release|Any CPU.ActiveCfg = Release|Any CPU
		{9C45457C-25FC-411E-8556-7D81281352DB}.Release|Any CPU.Build.0 = Release|Any CPU
	EndGlobalSection
EndGlobal
